
Microsoft Visual Studio Solution File, Format Version 12.00
# Visual Studio Version 17
VisualStudioVersion = 17.0.31903.59
MinimumVisualStudioVersion = 10.0.40219.1
Project("{FAE04EC0-301F-11D3-BF4B-00C04F79EFBC}") = "API", "API\API.csproj", "{D863FD8F-4816-4D4D-AFD9-14B4EE4AFE22}"
EndProject
Project("{FAE04EC0-301F-11D3-BF4B-00C04F79EFBC}") = "Application", "Application\Application.csproj", "{246C348F-8321-4EA7-A1C2-2F1D485C31A2}"
EndProject
Project("{FAE04EC0-301F-11D3-BF4B-00C04F79EFBC}") = "Domain", "Domain\Domain.csproj", "{D295596A-6E6D-4E95-9BD8-12D0645620AD}"
EndProject
Project("{FAE04EC0-301F-11D3-BF4B-00C04F79EFBC}") = "Persistence", "Persistence\Persistence.csproj", "{9854EB69-6046-4305-B408-0DAF935223A4}"
EndProject
Project("{FAE04EC0-301F-11D3-BF4B-00C04F79EFBC}") = "Infrastructure", "Infrastructure\Infrastructure.csproj", "{B37FDE15-2CE6-4F40-9A04-FEA511C5F110}"
EndProject
Global
	GlobalSection(SolutionConfigurationPlatforms) = preSolution
		Debug|Any CPU = Debug|Any CPU
		Release|Any CPU = Release|Any CPU
	EndGlobalSection
	GlobalSection(SolutionProperties) = preSolution
		HideSolutionNode = FALSE
	EndGlobalSection
	GlobalSection(ProjectConfigurationPlatforms) = postSolution
		{D863FD8F-4816-4D4D-AFD9-14B4EE4AFE22}.Debug|Any CPU.ActiveCfg = Debug|Any CPU
		{D863FD8F-4816-4D4D-AFD9-14B4EE4AFE22}.Debug|Any CPU.Build.0 = Debug|Any CPU
		{D863FD8F-4816-4D4D-AFD9-14B4EE4AFE22}.Release|Any CPU.ActiveCfg = Release|Any CPU
		{D863FD8F-4816-4D4D-AFD9-14B4EE4AFE22}.Release|Any CPU.Build.0 = Release|Any CPU
		{246C348F-8321-4EA7-A1C2-2F1D485C31A2}.Debug|Any CPU.ActiveCfg = Debug|Any CPU
		{246C348F-8321-4EA7-A1C2-2F1D485C31A2}.Debug|Any CPU.Build.0 = Debug|Any CPU
		{246C348F-8321-4EA7-A1C2-2F1D485C31A2}.Release|Any CPU.ActiveCfg = Release|Any CPU
		{246C348F-8321-4EA7-A1C2-2F1D485C31A2}.Release|Any CPU.Build.0 = Release|Any CPU
		{D295596A-6E6D-4E95-9BD8-12D0645620AD}.Debug|Any CPU.ActiveCfg = Debug|Any CPU
		{D295596A-6E6D-4E95-9BD8-12D0645620AD}.Debug|Any CPU.Build.0 = Debug|Any CPU
		{D295596A-6E6D-4E95-9BD8-12D0645620AD}.Release|Any CPU.ActiveCfg = Release|Any CPU
		{D295596A-6E6D-4E95-9BD8-12D0645620AD}.Release|Any CPU.Build.0 = Release|Any CPU
		{9854EB69-6046-4305-B408-0DAF935223A4}.Debug|Any CPU.ActiveCfg = Debug|Any CPU
		{9854EB69-6046-4305-B408-0DAF935223A4}.Debug|Any CPU.Build.0 = Debug|Any CPU
		{9854EB69-6046-4305-B408-0DAF935223A4}.Release|Any CPU.ActiveCfg = Release|Any CPU
		{9854EB69-6046-4305-B408-0DAF935223A4}.Release|Any CPU.Build.0 = Release|Any CPU
		{B37FDE15-2CE6-4F40-9A04-FEA511C5F110}.Debug|Any CPU.ActiveCfg = Debug|Any CPU
		{B37FDE15-2CE6-4F40-9A04-FEA511C5F110}.Debug|Any CPU.Build.0 = Debug|Any CPU
		{B37FDE15-2CE6-4F40-9A04-FEA511C5F110}.Release|Any CPU.ActiveCfg = Release|Any CPU
		{B37FDE15-2CE6-4F40-9A04-FEA511C5F110}.Release|Any CPU.Build.0 = Release|Any CPU
	EndGlobalSection
EndGlobal
